// !$*UTF8*$!
{
	archiveVersion = 1;
	classes = {
	};
	objectVersion = 50;
	objects = {

/* Begin PBXBuildFile section */
		36B747FA238C9B6200A17892 /* AppDelegate.swift in Sources */ = {isa = PBXBuildFile; fileRef = 36B747F9238C9B6200A17892 /* AppDelegate.swift */; };
		36B747FC238C9B6200A17892 /* ViewController.swift in Sources */ = {isa = PBXBuildFile; fileRef = 36B747FB238C9B6200A17892 /* ViewController.swift */; };
		36B747FF238C9B6200A17892 /* Main.storyboard in Resources */ = {isa = PBXBuildFile; fileRef = 36B747FD238C9B6200A17892 /* Main.storyboard */; };
		36B74801238C9B6500A17892 /* Assets.xcassets in Resources */ = {isa = PBXBuildFile; fileRef = 36B74800238C9B6500A17892 /* Assets.xcassets */; };
		36B74804238C9B6500A17892 /* LaunchScreen.storyboard in Resources */ = {isa = PBXBuildFile; fileRef = 36B74802238C9B6500A17892 /* LaunchScreen.storyboard */; };
		36D0AB3F238CBDC9005B7CDD /* SWRevealViewController.m in Sources */ = {isa = PBXBuildFile; fileRef = 36D0AB3C238CBDC9005B7CDD /* SWRevealViewController.m */; };
		40EAD91B5B273747974D5D00 /* Pods_app_smack.framework in Frameworks */ = {isa = PBXBuildFile; fileRef = C7D976C4CEC7A4707BC2D4B2 /* Pods_app_smack.framework */; };
/* End PBXBuildFile section */

/* Begin PBXFileReference section */
		1590DB8B1793B09C48A15C66 /* Pods-app-smack.debug.xcconfig */ = {isa = PBXFileReference; includeInIndex = 1; lastKnownFileType = text.xcconfig; name = "Pods-app-smack.debug.xcconfig"; path = "Pods/Target Support Files/Pods-app-smack/Pods-app-smack.debug.xcconfig"; sourceTree = "<group>"; };
		36B747F6238C9B6200A17892 /* app-smack.app */ = {isa = PBXFileReference; explicitFileType = wrapper.application; includeInIndex = 0; path = "app-smack.app"; sourceTree = BUILT_PRODUCTS_DIR; };
		36B747F9238C9B6200A17892 /* AppDelegate.swift */ = {isa = PBXFileReference; lastKnownFileType = sourcecode.swift; path = AppDelegate.swift; sourceTree = "<group>"; };
		36B747FB238C9B6200A17892 /* ViewController.swift */ = {isa = PBXFileReference; lastKnownFileType = sourcecode.swift; path = ViewController.swift; sourceTree = "<group>"; };
		36B747FE238C9B6200A17892 /* Base */ = {isa = PBXFileReference; lastKnownFileType = file.storyboard; name = Base; path = Base.lproj/Main.storyboard; sourceTree = "<group>"; };
		36B74800238C9B6500A17892 /* Assets.xcassets */ = {isa = PBXFileReference; lastKnownFileType = folder.assetcatalog; path = Assets.xcassets; sourceTree = "<group>"; };
		36B74803238C9B6500A17892 /* Base */ = {isa = PBXFileReference; lastKnownFileType = file.storyboard; name = Base; path = Base.lproj/LaunchScreen.storyboard; sourceTree = "<group>"; };
		36B74805238C9B6500A17892 /* Info.plist */ = {isa = PBXFileReference; lastKnownFileType = text.plist.xml; path = Info.plist; sourceTree = "<group>"; };
		36D0AB3B238CBDC8005B7CDD /* app-smack-Bridging-Header.h */ = {isa = PBXFileReference; lastKnownFileType = sourcecode.c.h; path = "app-smack-Bridging-Header.h"; sourceTree = "<group>"; };
		36D0AB3C238CBDC9005B7CDD /* SWRevealViewController.m */ = {isa = PBXFileReference; fileEncoding = 4; lastKnownFileType = sourcecode.c.objc; path = SWRevealViewController.m; sourceTree = "<group>"; };
		36D0AB3E238CBDC9005B7CDD /* SWRevealViewController.h */ = {isa = PBXFileReference; fileEncoding = 4; lastKnownFileType = sourcecode.c.h; path = SWRevealViewController.h; sourceTree = "<group>"; };
		C2E45DA4C32A383624FBAE89 /* Pods-app-smack.release.xcconfig */ = {isa = PBXFileReference; includeInIndex = 1; lastKnownFileType = text.xcconfig; name = "Pods-app-smack.release.xcconfig"; path = "Pods/Target Support Files/Pods-app-smack/Pods-app-smack.release.xcconfig"; sourceTree = "<group>"; };
		C7D976C4CEC7A4707BC2D4B2 /* Pods_app_smack.framework */ = {isa = PBXFileReference; explicitFileType = wrapper.framework; includeInIndex = 0; path = Pods_app_smack.framework; sourceTree = BUILT_PRODUCTS_DIR; };
/* End PBXFileReference section */

/* Begin PBXFrameworksBuildPhase section */
		36B747F3238C9B6200A17892 /* Frameworks */ = {
			isa = PBXFrameworksBuildPhase;
			buildActionMask = 2147483647;
			files = (
				40EAD91B5B273747974D5D00 /* Pods_app_smack.framework in Frameworks */,
			);
			runOnlyForDeploymentPostprocessing = 0;
		};
/* End PBXFrameworksBuildPhase section */

/* Begin PBXGroup section */
		36B747ED238C9B6200A17892 = {
			isa = PBXGroup;
			children = (
				36B747F8238C9B6200A17892 /* app-smack */,
				36B747F7238C9B6200A17892 /* Products */,
				7137F46546019DA0973B7B9E /* Pods */,
				B2DBEB46CDB01E43F25372B8 /* Frameworks */,
			);
			sourceTree = "<group>";
		};
		36B747F7238C9B6200A17892 /* Products */ = {
			isa = PBXGroup;
			children = (
				36B747F6238C9B6200A17892 /* app-smack.app */,
			);
			name = Products;
			sourceTree = "<group>";
		};
		36B747F8238C9B6200A17892 /* app-smack */ = {
			isa = PBXGroup;
			children = (
				36B747F9238C9B6200A17892 /* AppDelegate.swift */,
				36B747FB238C9B6200A17892 /* ViewController.swift */,
				36B747FD238C9B6200A17892 /* Main.storyboard */,
				36B74800238C9B6500A17892 /* Assets.xcassets */,
				36B74802238C9B6500A17892 /* LaunchScreen.storyboard */,
				36B74805238C9B6500A17892 /* Info.plist */,
				36D0AB3A238CBD9E005B7CDD /* Supporting Files */,
			);
			path = "app-smack";
			sourceTree = "<group>";
		};
		36D0AB3A238CBD9E005B7CDD /* Supporting Files */ = {
			isa = PBXGroup;
			children = (
				36D0AB3E238CBDC9005B7CDD /* SWRevealViewController.h */,
				36D0AB3C238CBDC9005B7CDD /* SWRevealViewController.m */,
				36D0AB3B238CBDC8005B7CDD /* app-smack-Bridging-Header.h */,
			);
			path = "Supporting Files";
			sourceTree = "<group>";
		};
		7137F46546019DA0973B7B9E /* Pods */ = {
			isa = PBXGroup;
			children = (
				1590DB8B1793B09C48A15C66 /* Pods-app-smack.debug.xcconfig */,
				C2E45DA4C32A383624FBAE89 /* Pods-app-smack.release.xcconfig */,
			);
			name = Pods;
			sourceTree = "<group>";
		};
		B2DBEB46CDB01E43F25372B8 /* Frameworks */ = {
			isa = PBXGroup;
			children = (
				C7D976C4CEC7A4707BC2D4B2 /* Pods_app_smack.framework */,
			);
			name = Frameworks;
			sourceTree = "<group>";
		};
/* End PBXGroup section */

/* Begin PBXNativeTarget section */
		36B747F5238C9B6200A17892 /* app-smack */ = {
			isa = PBXNativeTarget;
			buildConfigurationList = 36B74808238C9B6500A17892 /* Build configuration list for PBXNativeTarget "app-smack" */;
			buildPhases = (
				AE710EEA85351653090BE48B /* [CP] Check Pods Manifest.lock */,
				36B747F2238C9B6200A17892 /* Sources */,
				36B747F3238C9B6200A17892 /* Frameworks */,
				36B747F4238C9B6200A17892 /* Resources */,
				60F44AD2E55ED721A0AF3739 /* [CP] Embed Pods Frameworks */,
			);
			buildRules = (
			);
			dependencies = (
			);
			name = "app-smack";
			productName = "app-smack";
			productReference = 36B747F6238C9B6200A17892 /* app-smack.app */;
			productType = "com.apple.product-type.application";
		};
/* End PBXNativeTarget section */

/* Begin PBXProject section */
		36B747EE238C9B6200A17892 /* Project object */ = {
			isa = PBXProject;
			attributes = {
				LastSwiftUpdateCheck = 1000;
				LastUpgradeCheck = 1000;
				ORGANIZATIONNAME = "Julian Mino";
				TargetAttributes = {
					36B747F5238C9B6200A17892 = {
						CreatedOnToolsVersion = 10.0;
						LastSwiftMigration = 1000;
					};
				};
			};
			buildConfigurationList = 36B747F1238C9B6200A17892 /* Build configuration list for PBXProject "app-smack" */;
			compatibilityVersion = "Xcode 9.3";
			developmentRegion = en;
			hasScannedForEncodings = 0;
			knownRegions = (
				en,
				Base,
			);
			mainGroup = 36B747ED238C9B6200A17892;
			productRefGroup = 36B747F7238C9B6200A17892 /* Products */;
			projectDirPath = "";
			projectRoot = "";
			targets = (
				36B747F5238C9B6200A17892 /* app-smack */,
			);
		};
/* End PBXProject section */

/* Begin PBXResourcesBuildPhase section */
		36B747F4238C9B6200A17892 /* Resources */ = {
			isa = PBXResourcesBuildPhase;
			buildActionMask = 2147483647;
			files = (
				36B74804238C9B6500A17892 /* LaunchScreen.storyboard in Resources */,
				36B74801238C9B6500A17892 /* Assets.xcassets in Resources */,
				36B747FF238C9B6200A17892 /* Main.storyboard in Resources */,
			);
			runOnlyForDeploymentPostprocessing = 0;
		};
/* End PBXResourcesBuildPhase section */

/* Begin PBXShellScriptBuildPhase section */
		60F44AD2E55ED721A0AF3739 /* [CP] Embed Pods Frameworks */ = {
			isa = PBXShellScriptBuildPhase;
			buildActionMask = 2147483647;
			files = (
			);
			inputPaths = (
				"${SRCROOT}/Pods/Target Support Files/Pods-app-smack/Pods-app-smack-frameworks.sh",
				"${BUILT_PRODUCTS_DIR}/Alamofire/Alamofire.framework",
				"${BUILT_PRODUCTS_DIR}/Socket.IO-Client-Swift/SocketIO.framework",
				"${BUILT_PRODUCTS_DIR}/Starscream/Starscream.framework",
				"${BUILT_PRODUCTS_DIR}/SwiftyJSON/SwiftyJSON.framework",
			);
			name = "[CP] Embed Pods Frameworks";
			outputPaths = (
				"${TARGET_BUILD_DIR}/${FRAMEWORKS_FOLDER_PATH}/Alamofire.framework",
				"${TARGET_BUILD_DIR}/${FRAMEWORKS_FOLDER_PATH}/SocketIO.framework",
				"${TARGET_BUILD_DIR}/${FRAMEWORKS_FOLDER_PATH}/Starscream.framework",
				"${TARGET_BUILD_DIR}/${FRAMEWORKS_FOLDER_PATH}/SwiftyJSON.framework",
			);
			runOnlyForDeploymentPostprocessing = 0;
			shellPath = /bin/sh;
			shellScript = "\"${SRCROOT}/Pods/Target Support Files/Pods-app-smack/Pods-app-smack-frameworks.sh\"\n";
			showEnvVarsInLog = 0;
		};
		AE710EEA85351653090BE48B /* [CP] Check Pods Manifest.lock */ = {
			isa = PBXShellScriptBuildPhase;
			buildActionMask = 2147483647;
			files = (
			);
			inputPaths = (
				"${PODS_PODFILE_DIR_PATH}/Podfile.lock",
				"${PODS_ROOT}/Manifest.lock",
			);
			name = "[CP] Check Pods Manifest.lock";
			outputPaths = (
				"$(DERIVED_FILE_DIR)/Pods-app-smack-checkManifestLockResult.txt",
			);
			runOnlyForDeploymentPostprocessing = 0;
			shellPath = /bin/sh;
			shellScript = "diff \"${PODS_PODFILE_DIR_PATH}/Podfile.lock\" \"${PODS_ROOT}/Manifest.lock\" > /dev/null\nif [ $? != 0 ] ; then\n    # print error to STDERR\n    echo \"error: The sandbox is not in sync with the Podfile.lock. Run 'pod install' or update your CocoaPods installation.\" >&2\n    exit 1\nfi\n# This output is used by Xcode 'outputs' to avoid re-running this script phase.\necho \"SUCCESS\" > \"${SCRIPT_OUTPUT_FILE_0}\"\n";
			showEnvVarsInLog = 0;
		};
/* End PBXShellScriptBuildPhase section */

/* Begin PBXSourcesBuildPhase section */
		36B747F2238C9B6200A17892 /* Sources */ = {
			isa = PBXSourcesBuildPhase;
			buildActionMask = 2147483647;
			files = (
				36B747FC238C9B6200A17892 /* ViewController.swift in Sources */,
				36B747FA238C9B6200A17892 /* AppDelegate.swift in Sources */,
				36D0AB3F238CBDC9005B7CDD /* SWRevealViewController.m in Sources */,
			);
			runOnlyForDeploymentPostprocessing = 0;
		};
/* End PBXSourcesBuildPhase section */

/* Begin PBXVariantGroup section */
		36B747FD238C9B6200A17892 /* Main.storyboard */ = {
			isa = PBXVariantGroup;
			children = (
				36B747FE238C9B6200A17892 /* Base */,
			);
			name = Main.storyboard;
			sourceTree = "<group>";
		};
		36B74802238C9B6500A17892 /* LaunchScreen.storyboard */ = {
			isa = PBXVariantGroup;
			children = (
				36B74803238C9B6500A17892 /* Base */,
			);
			name = LaunchScreen.storyboard;
			sourceTree = "<group>";
		};
/* End PBXVariantGroup section */

/* Begin XCBuildConfiguration section */
		36B74806238C9B6500A17892 /* Debug */ = {
			isa = XCBuildConfiguration;
			buildSettings = {
				ALWAYS_SEARCH_USER_PATHS = NO;
				CLANG_ANALYZER_NONNULL = YES;
				CLANG_ANALYZER_NUMBER_OBJECT_CONVERSION = YES_AGGRESSIVE;
				CLANG_CXX_LANGUAGE_STANDARD = "gnu++14";
				CLANG_CXX_LIBRARY = "libc++";
				CLANG_ENABLE_MODULES = YES;
				CLANG_ENABLE_OBJC_ARC = YES;
				CLANG_ENABLE_OBJC_WEAK = YES;
				CLANG_WARN_BLOCK_CAPTURE_AUTORELEASING = YES;
				CLANG_WARN_BOOL_CONVERSION = YES;
				CLANG_WARN_COMMA = YES;
				CLANG_WARN_CONSTANT_CONVERSION = YES;
				CLANG_WARN_DEPRECATED_OBJC_IMPLEMENTATIONS = YES;
				CLANG_WARN_DIRECT_OBJC_ISA_USAGE = YES_ERROR;
				CLANG_WARN_DOCUMENTATION_COMMENTS = YES;
				CLANG_WARN_EMPTY_BODY = YES;
				CLANG_WARN_ENUM_CONVERSION = YES;
				CLANG_WARN_INFINITE_RECURSION = YES;
				CLANG_WARN_INT_CONVERSION = YES;
				CLANG_WARN_NON_LITERAL_NULL_CONVERSION = YES;
				CLANG_WARN_OBJC_IMPLICIT_RETAIN_SELF = YES;
				CLANG_WARN_OBJC_LITERAL_CONVERSION = YES;
				CLANG_WARN_OBJC_ROOT_CLASS = YES_ERROR;
				CLANG_WARN_RANGE_LOOP_ANALYSIS = YES;
				CLANG_WARN_STRICT_PROTOTYPES = YES;
				CLANG_WARN_SUSPICIOUS_MOVE = YES;
				CLANG_WARN_UNGUARDED_AVAILABILITY = YES_AGGRESSIVE;
				CLANG_WARN_UNREACHABLE_CODE = YES;
				CLANG_WARN__DUPLICATE_METHOD_MATCH = YES;
				CODE_SIGN_IDENTITY = "iPhone Developer";
				COPY_PHASE_STRIP = NO;
				DEBUG_INFORMATION_FORMAT = dwarf;
				ENABLE_STRICT_OBJC_MSGSEND = YES;
				ENABLE_TESTABILITY = YES;
				GCC_C_LANGUAGE_STANDARD = gnu11;
				GCC_DYNAMIC_NO_PIC = NO;
				GCC_NO_COMMON_BLOCKS = YES;
				GCC_OPTIMIZATION_LEVEL = 0;
				GCC_PREPROCESSOR_DEFINITIONS = (
					"DEBUG=1",
					"$(inherited)",
				);
				GCC_WARN_64_TO_32_BIT_CONVERSION = YES;
				GCC_WARN_ABOUT_RETURN_TYPE = YES_ERROR;
				GCC_WARN_UNDECLARED_SELECTOR = YES;
				GCC_WARN_UNINITIALIZED_AUTOS = YES_AGGRESSIVE;
				GCC_WARN_UNUSED_FUNCTION = YES;
				GCC_WARN_UNUSED_VARIABLE = YES;
				IPHONEOS_DEPLOYMENT_TARGET = 12.0;
				MTL_ENABLE_DEBUG_INFO = INCLUDE_SOURCE;
				MTL_FAST_MATH = YES;
				ONLY_ACTIVE_ARCH = YES;
				SDKROOT = iphoneos;
				SWIFT_ACTIVE_COMPILATION_CONDITIONS = DEBUG;
				SWIFT_OPTIMIZATION_LEVEL = "-Onone";
			};
			name = Debug;
		};
		36B74807238C9B6500A17892 /* Release */ = {
			isa = XCBuildConfiguration;
			buildSettings = {
				ALWAYS_SEARCH_USER_PATHS = NO;
				CLANG_ANALYZER_NONNULL = YES;
				CLANG_ANALYZER_NUMBER_OBJECT_CONVERSION = YES_AGGRESSIVE;
				CLANG_CXX_LANGUAGE_STANDARD = "gnu++14";
				CLANG_CXX_LIBRARY = "libc++";
				CLANG_ENABLE_MODULES = YES;
				CLANG_ENABLE_OBJC_ARC = YES;
				CLANG_ENABLE_OBJC_WEAK = YES;
				CLANG_WARN_BLOCK_CAPTURE_AUTORELEASING = YES;
				CLANG_WARN_BOOL_CONVERSION = YES;
				CLANG_WARN_COMMA = YES;
				CLANG_WARN_CONSTANT_CONVERSION = YES;
				CLANG_WARN_DEPRECATED_OBJC_IMPLEMENTATIONS = YES;
				CLANG_WARN_DIRECT_OBJC_ISA_USAGE = YES_ERROR;
				CLANG_WARN_DOCUMENTATION_COMMENTS = YES;
				CLANG_WARN_EMPTY_BODY = YES;
				CLANG_WARN_ENUM_CONVERSION = YES;
				CLANG_WARN_INFINITE_RECURSION = YES;
				CLANG_WARN_INT_CONVERSION = YES;
				CLANG_WARN_NON_LITERAL_NULL_CONVERSION = YES;
				CLANG_WARN_OBJC_IMPLICIT_RETAIN_SELF = YES;
				CLANG_WARN_OBJC_LITERAL_CONVERSION = YES;
				CLANG_WARN_OBJC_ROOT_CLASS = YES_ERROR;
				CLANG_WARN_RANGE_LOOP_ANALYSIS = YES;
				CLANG_WARN_STRICT_PROTOTYPES = YES;
				CLANG_WARN_SUSPICIOUS_MOVE = YES;
				CLANG_WARN_UNGUARDED_AVAILABILITY = YES_AGGRESSIVE;
				CLANG_WARN_UNREACHABLE_CODE = YES;
				CLANG_WARN__DUPLICATE_METHOD_MATCH = YES;
				CODE_SIGN_IDENTITY = "iPhone Developer";
				COPY_PHASE_STRIP = NO;
				DEBUG_INFORMATION_FORMAT = "dwarf-with-dsym";
				ENABLE_NS_ASSERTIONS = NO;
				ENABLE_STRICT_OBJC_MSGSEND = YES;
				GCC_C_LANGUAGE_STANDARD = gnu11;
				GCC_NO_COMMON_BLOCKS = YES;
				GCC_WARN_64_TO_32_BIT_CONVERSION = YES;
				GCC_WARN_ABOUT_RETURN_TYPE = YES_ERROR;
				GCC_WARN_UNDECLARED_SELECTOR = YES;
				GCC_WARN_UNINITIALIZED_AUTOS = YES_AGGRESSIVE;
				GCC_WARN_UNUSED_FUNCTION = YES;
				GCC_WARN_UNUSED_VARIABLE = YES;
				IPHONEOS_DEPLOYMENT_TARGET = 12.0;
				MTL_ENABLE_DEBUG_INFO = NO;
				MTL_FAST_MATH = YES;
				SDKROOT = iphoneos;
				SWIFT_COMPILATION_MODE = wholemodule;
				SWIFT_OPTIMIZATION_LEVEL = "-O";
				VALIDATE_PRODUCT = YES;
			};
			name = Release;
		};
		36B74809238C9B6500A17892 /* Debug */ = {
			isa = XCBuildConfiguration;
			baseConfigurationReference = 1590DB8B1793B09C48A15C66 /* Pods-app-smack.debug.xcconfig */;
			buildSettings = {
				ASSETCATALOG_COMPILER_APPICON_NAME = AppIcon;
				CLANG_ENABLE_MODULES = YES;
				CODE_SIGN_STYLE = Automatic;
				INFOPLIST_FILE = "app-smack/Info.plist";
				LD_RUNPATH_SEARCH_PATHS = (
					"$(inherited)",
					"@executable_path/Frameworks",
				);
				PRODUCT_BUNDLE_IDENTIFIER = "Julian-Min-o.app-smack";
				PRODUCT_NAME = "$(TARGET_NAME)";
				SWIFT_OBJC_BRIDGING_HEADER = "app-smack/Supporting Files/app-smack-Bridging-Header.h";
				SWIFT_OPTIMIZATION_LEVEL = "-Onone";
				SWIFT_VERSION = 4.2;
				TARGETED_DEVICE_FAMILY = "1,2";
			};
			name = Debug;
		};
		36B7480A238C9B6500A17892 /* Release */ = {
			isa = XCBuildConfiguration;
			baseConfigurationReference = C2E45DA4C32A383624FBAE89 /* Pods-app-smack.release.xcconfig */;
			buildSettings = {
				ASSETCATALOG_COMPILER_APPICON_NAME = AppIcon;
				CLANG_ENABLE_MODULES = YES;
				CODE_SIGN_STYLE = Automatic;
				INFOPLIST_FILE = "app-smack/Info.plist";
				LD_RUNPATH_SEARCH_PATHS = (
					"$(inherited)",
					"@executable_path/Frameworks",
				);
				PRODUCT_BUNDLE_IDENTIFIER = "Julian-Min-o.app-smack";
				PRODUCT_NAME = "$(TARGET_NAME)";
				SWIFT_OBJC_BRIDGING_HEADER = "app-smack/Supporting Files/app-smack-Bridging-Header.h";
				SWIFT_VERSION = 4.2;
				TARGETED_DEVICE_FAMILY = "1,2";
			};
			name = Release;
		};
/* End XCBuildConfiguration section */

/* Begin XCConfigurationList section */
		36B747F1238C9B6200A17892 /* Build configuration list for PBXProject "app-smack" */ = {
			isa = XCConfigurationList;
			buildConfigurations = (
				36B74806238C9B6500A17892 /* Debug */,
				36B74807238C9B6500A17892 /* Release */,
			);
			defaultConfigurationIsVisible = 0;
			defaultConfigurationName = Release;
		};
		36B74808238C9B6500A17892 /* Build configuration list for PBXNativeTarget "app-smack" */ = {
			isa = XCConfigurationList;
			buildConfigurations = (
				36B74809238C9B6500A17892 /* Debug */,
				36B7480A238C9B6500A17892 /* Release */,
			);
			defaultConfigurationIsVisible = 0;
			defaultConfigurationName = Release;
		};
/* End XCConfigurationList section */
	};
	rootObject = 36B747EE238C9B6200A17892 /* Project object */;
}
